
Microsoft Visual Studio Solution File, Format Version 9.00
# Visual Studio 2005
Project("{8BC9CEB8-8B4A-11D0-8D11-00A0C91BC942}") = "Magic2", "Magic2.vcproj", "{A861FFB8-ACAF-4E88-8123-B1F638C86D86}"
EndProject
Global
	GlobalSection(SolutionConfigurationPlatforms) = preSolution
		Debug|Win32 = Debug|Win32
		Release|Win32 = Release|Win32
	EndGlobalSection
	GlobalSection(ProjectConfigurationPlatforms) = postSolution
		{A861FFB8-ACAF-4E88-8123-B1F638C86D86}.Debug|Win32.ActiveCfg = Debug|Win32
		{A861FFB8-ACAF-4E88-8123-B1F638C86D86}.Debug|Win32.Build.0 = Debug|Win32
		{A861FFB8-ACAF-4E88-8123-B1F638C86D86}.Release|Win32.ActiveCfg = Release|Win32
		{A861FFB8-ACAF-4E88-8123-B1F638C86D86}.Release|Win32.Build.0 = Release|Win32
	EndGlobalSection
	GlobalSection(SolutionProperties) = preSolution
		HideSolutionNode = FALSE
	EndGlobalSection
EndGlobal
